{
  "version": 4,
  "terraform_version": "1.14.3",
  "serial": 8,
  "lineage": "a54d1466-510a-cc82-3c45-479419cb72c5",
  "outputs": {},
  "resources": [
    {
      "mode": "managed",
      "type": "tfe_agent_pool",
      "name": "my_agents",
      "provider": "provider[\"registry.terraform.io/hashicorp/tfe\"]",
      "instances": [
        {
          "schema_version": 0,
          "attributes": {
            "id": "apool-n5ff2RgiUSyXH75p",
            "name": "default-agents",
            "organization": "daviddtessierdemoorg2",
            "organization_scoped": true
          },
          "sensitive_attributes": [],
          "identity_schema_version": 0,
          "identity": {
            "hostname": "app.terraform.io",
            "id": "apool-n5ff2RgiUSyXH75p"
          },
          "private": "bnVsbA==",
          "dependencies": [
            "tfe_organization.demo_org"
          ]
        }
      ]
    },
    {
      "mode": "managed",
      "type": "tfe_organization",
      "name": "demo_org",
      "provider": "provider[\"registry.terraform.io/hashicorp/tfe\"]",
      "instances": [
        {
          "schema_version": 0,
          "attributes": {
            "aggregated_commit_status_enabled": true,
            "allow_force_delete_workspaces": false,
            "assessments_enforced": false,
            "collaborator_auth_policy": "password",
            "cost_estimation_enabled": false,
            "default_project_id": "prj-qPuoCbw2AWgien1e",
            "email": "admin@example.com",
            "enforce_hyok": false,
            "id": "daviddtessierdemoorg2",
            "name": "daviddtessierdemoorg2",
            "owners_team_saml_role_id": "",
            "send_passing_statuses_for_untriggered_speculative_plans": false,
            "session_remember_minutes": 0,
            "session_timeout_minutes": 0,
            "speculative_plan_management_enabled": true,
            "stacks_enabled": false,
            "user_tokens_enabled": true
          },
          "sensitive_attributes": [],
          "identity_schema_version": 0,
          "private": "bnVsbA=="
        }
      ]
    },
    {
      "mode": "managed",
      "type": "tfe_organization_default_settings",
      "name": "org_default",
      "provider": "provider[\"registry.terraform.io/hashicorp/tfe\"]",
      "instances": [
        {
          "schema_version": 0,
          "attributes": {
            "default_agent_pool_id": "apool-n5ff2RgiUSyXH75p",
            "default_execution_mode": "agent",
            "organization": "daviddtessierdemoorg2"
          },
          "sensitive_attributes": [],
          "identity_schema_version": 0,
          "dependencies": [
            "tfe_agent_pool.my_agents",
            "tfe_organization.demo_org"
          ]
        }
      ]
    },
    {
      "mode": "managed",
      "type": "tfe_workspace",
      "name": "my_workspace",
      "provider": "provider[\"registry.terraform.io/hashicorp/tfe\"]",
      "instances": [
        {
          "schema_version": 1,
          "attributes": {
            "agent_pool_id": "apool-n5ff2RgiUSyXH75p",
            "allow_destroy_plan": true,
            "assessments_enabled": false,
            "auto_apply": false,
            "auto_apply_run_trigger": false,
            "auto_destroy_activity_duration": "",
            "auto_destroy_at": "",
            "description": "",
            "effective_tags": {},
            "execution_mode": "agent",
            "file_triggers_enabled": true,
            "force_delete": false,
            "global_remote_state": false,
            "html_url": "https://app.terraform.io/app/daviddtessierdemoorg2/workspaces/demo-workspace",
            "hyok_enabled": false,
            "id": "ws-6Psk442gwZkhAUL7",
            "ignore_additional_tag_names": null,
            "ignore_additional_tags": null,
            "inherits_project_auto_destroy": true,
            "name": "demo-workspace",
            "operations": true,
            "organization": "daviddtessierdemoorg2",
            "project_id": "prj-qPuoCbw2AWgien1e",
            "queue_all_runs": true,
            "remote_state_consumer_ids": [],
            "resource_count": 0,
            "source_name": "",
            "source_url": "",
            "speculative_enabled": true,
            "ssh_key_id": "",
            "structured_run_output_enabled": true,
            "tag_names": [],
            "tags": {},
            "terraform_version": "1.14.6",
            "trigger_patterns": null,
            "trigger_prefixes": null,
            "vcs_repo": [],
            "working_directory": ""
          },
          "sensitive_attributes": [],
          "identity_schema_version": 0,
          "identity": {
            "hostname": "app.terraform.io",
            "id": "ws-6Psk442gwZkhAUL7"
          },
          "private": "eyJzY2hlbWFfdmVyc2lvbiI6IjEifQ==",
          "dependencies": [
            "tfe_agent_pool.my_agents",
            "tfe_organization.demo_org",
            "tfe_organization_default_settings.org_default"
          ]
        }
      ]
    }
  ],
  "check_results": null
}
